
Microsoft Visual Studio Solution File, Format Version 12.00
# Visual Studio Version 17
VisualStudioVersion = 17.11.35312.102
MinimumVisualStudioVersion = 10.0.40219.1
Project("{FAE04EC0-301F-11D3-BF4B-00C04F79EFBC}") = "IoopProject", "IoopProject\IoopProject.csproj", "{CF5E545F-A135-4C7E-B0C6-5DD458D0190E}"
EndProject
Global
	GlobalSection(SolutionConfigurationPlatforms) = preSolution
		Debug|Any CPU = Debug|Any CPU
		Release|Any CPU = Release|Any CPU
	EndGlobalSection
	GlobalSection(ProjectConfigurationPlatforms) = postSolution
		{CF5E545F-A135-4C7E-B0C6-5DD458D0190E}.Debug|Any CPU.ActiveCfg = Debug|Any CPU
		{CF5E545F-A135-4C7E-B0C6-5DD458D0190E}.Debug|Any CPU.Build.0 = Debug|Any CPU
		{CF5E545F-A135-4C7E-B0C6-5DD458D0190E}.Release|Any CPU.ActiveCfg = Release|Any CPU
		{CF5E545F-A135-4C7E-B0C6-5DD458D0190E}.Release|Any CPU.Build.0 = Release|Any CPU
	EndGlobalSection
	GlobalSection(SolutionProperties) = preSolution
		HideSolutionNode = FALSE
	EndGlobalSection
	GlobalSection(ExtensibilityGlobals) = postSolution
		SolutionGuid = {ECDBE34F-2C92-4070-9E31-8C3776EDFCD1}
	EndGlobalSection
EndGlobal
